
Microsoft Visual Studio Solution File, Format Version 12.00
# Visual Studio Version 17
VisualStudioVersion = 17.14.36518.9 d17.14
MinimumVisualStudioVersion = 10.0.40219.1
Project("{FAE04EC0-301F-11D3-BF4B-00C04F79EFBC}") = "Password generator", "Password generator\Password generator.csproj", "{39DBAD0F-17C4-41C5-A732-AA2A9ACD6EF4}"
EndProject
Global
	GlobalSection(SolutionConfigurationPlatforms) = preSolution
		Debug|Any CPU = Debug|Any CPU
		Release|Any CPU = Release|Any CPU
	EndGlobalSection
	GlobalSection(ProjectConfigurationPlatforms) = postSolution
		{39DBAD0F-17C4-41C5-A732-AA2A9ACD6EF4}.Debug|Any CPU.ActiveCfg = Debug|Any CPU
		{39DBAD0F-17C4-41C5-A732-AA2A9ACD6EF4}.Debug|Any CPU.Build.0 = Debug|Any CPU
		{39DBAD0F-17C4-41C5-A732-AA2A9ACD6EF4}.Release|Any CPU.ActiveCfg = Release|Any CPU
		{39DBAD0F-17C4-41C5-A732-AA2A9ACD6EF4}.Release|Any CPU.Build.0 = Release|Any CPU
	EndGlobalSection
	GlobalSection(SolutionProperties) = preSolution
		HideSolutionNode = FALSE
	EndGlobalSection
	GlobalSection(ExtensibilityGlobals) = postSolution
		SolutionGuid = {E787147B-9075-406C-8852-501F4F999E58}
	EndGlobalSection
EndGlobal
